PODS:
  - Aardvark (4.0.0):
    - CoreAardvark (~> 3.0)
  - AardvarkCrashReport (2.0.0):
    - Aardvark (~> 4.0)
    - PLCrashReporter (~> 1.8)
  - AardvarkLoggingUI (1.0.0):
    - CoreAardvark (~> 3.0)
  - AardvarkMailUI (1.0.0):
    - Aardvark (~> 4.0)
  - CoreAardvark (3.0.0)
  - Paralayout (0.9.1)
  - PLCrashReporter (1.8.1)

DEPENDENCIES:
  - AardvarkCrashReport (from `../AardvarkCrashReport.podspec`)
  - AardvarkLoggingUI (~> 1.0)
  - AardvarkMailUI (~> 1.0)
  - Paralayout (from `https://github.com/square/Paralayout.git`, branch `develop/1.0`)
  - PLCrashReporter (~> 1.8)

SPEC REPOS:
  trunk:
    - Aardvark
    - AardvarkLoggingUI
    - AardvarkMailUI
    - CoreAardvark
    - PLCrashReporter

EXTERNAL SOURCES:
  AardvarkCrashReport:
    :path: "../AardvarkCrashReport.podspec"
  Paralayout:
    :branch: develop/1.0
    :git: https://github.com/square/Paralayout.git

CHECKOUT OPTIONS:
  Paralayout:
    :commit: e887ae8c7cbf8f3d194569c9a8bfb91e9d9a0fb8
    :git: https://github.com/square/Paralayout.git

SPEC CHECKSUMS:
  Aardvark: 6d84a2e9d317d3b5ff7bf9b860c6e2ccf444043c
  AardvarkCrashReport: 6482368b1777f98a2b9c817f2def7dd19786c679
  AardvarkLoggingUI: e81aae53c747dcc7c7e757d87b989316c1699261
  AardvarkMailUI: a3b61ff1fbd62c9d33703efc3f0cc34597afad73
  CoreAardvark: 9c943d82736bc261ff4130287aa25e4f35dc7567
  Paralayout: 3e82899bd0d18ad2db21212cd453efa291d2c0cf
  PLCrashReporter: ea2d252e930f538a9f70f0b81bc9cce656651fbf

PODFILE CHECKSUM: 1511f97db86d7bfef3721e89da4b9bff28ae494c

COCOAPODS: 1.10.0
