PODS:
  - Aardvark (5.0.0):
    - CoreAardvark (~> 4.0)
  - AardvarkCrashReport (4.0.0):
    - Aardvark (~> 5.0)
    - PLCrashReporter (~> 1.10)
  - AardvarkLoggingUI (2.0.0):
    - CoreAardvark (~> 4.0)
  - AardvarkMailUI (2.0.0):
    - Aardvark (~> 5.0.0)
  - CoreAardvark (4.0.0)
  - Paralayout (1.0.0-rc.5)
  - PLCrashReporter (1.11.1)

DEPENDENCIES:
  - Aardvark (~> 5.0)
  - AardvarkCrashReport (from `../AardvarkCrashReport.podspec`)
  - AardvarkLoggingUI (~> 2.0)
  - AardvarkMailUI (~> 2.0)
  - Paralayout (from `https://github.com/square/Paralayout.git`, tag `1.0.0-rc.5`)
  - PLCrashReporter (~> 1.10)

SPEC REPOS:
  trunk:
    - Aardvark
    - AardvarkLoggingUI
    - AardvarkMailUI
    - CoreAardvark
    - PLCrashReporter

EXTERNAL SOURCES:
  AardvarkCrashReport:
    :path: "../AardvarkCrashReport.podspec"
  Paralayout:
    :git: https://github.com/square/Paralayout.git
    :tag: 1.0.0-rc.5

CHECKOUT OPTIONS:
  Paralayout:
    :git: https://github.com/square/Paralayout.git
    :tag: 1.0.0-rc.5

SPEC CHECKSUMS:
  Aardvark: 783a49c945545c11e82e22a87ef82ced58033c21
  AardvarkCrashReport: 7ea448a0cb98190f918488846c73ab056d43f23b
  AardvarkLoggingUI: 20a31259cc57756131fb9b9ebf0ffc8e0c05f5a5
  AardvarkMailUI: b5324ce0fab7c121e4093baad5280c89a4c8275a
  CoreAardvark: a3e7c44b2889acdcf14d39a1d703d1e8bdfd94be
  Paralayout: 844978af530a061a31d849c7b554510190b9cddf
  PLCrashReporter: 5d2d3967afe0efad61b3048d617e2199a5d1b787

PODFILE CHECKSUM: 4cea4a6979274d8153a914d9d48ec0bc208f2b96

COCOAPODS: 1.14.3
